
Microsoft Visual Studio Solution File, Format Version 12.00
# Visual Studio Version 17
VisualStudioVersion = 17.8.34330.188
MinimumVisualStudioVersion = 10.0.40219.1
Project("{FAE04EC0-301F-11D3-BF4B-00C04F79EFBC}") = "SpecFlowProject_2024", "SpecFlowProject_2024\SpecFlowProject_2024.csproj", "{61D61C5B-3008-48AA-93BB-52CFD7F470E5}"
EndProject
Global
	GlobalSection(SolutionConfigurationPlatforms) = preSolution
		Debug|Any CPU = Debug|Any CPU
		Release|Any CPU = Release|Any CPU
	EndGlobalSection
	GlobalSection(ProjectConfigurationPlatforms) = postSolution
		{61D61C5B-3008-48AA-93BB-52CFD7F470E5}.Debug|Any CPU.ActiveCfg = Debug|Any CPU
		{61D61C5B-3008-48AA-93BB-52CFD7F470E5}.Debug|Any CPU.Build.0 = Debug|Any CPU
		{61D61C5B-3008-48AA-93BB-52CFD7F470E5}.Release|Any CPU.ActiveCfg = Release|Any CPU
		{61D61C5B-3008-48AA-93BB-52CFD7F470E5}.Release|Any CPU.Build.0 = Release|Any CPU
	EndGlobalSection
	GlobalSection(SolutionProperties) = preSolution
		HideSolutionNode = FALSE
	EndGlobalSection
	GlobalSection(ExtensibilityGlobals) = postSolution
		SolutionGuid = {3F787A8D-EBC8-493B-B05C-48565BEA3CD1}
	EndGlobalSection
EndGlobal
